
Microsoft Visual Studio Solution File, Format Version 12.00
# Visual Studio 15
VisualStudioVersion = 15.0.28307.1433
MinimumVisualStudioVersion = 10.0.40219.1
Project("{9A19103F-16F7-4668-BE54-9A1E7A4F7556}") = "MyTestMod", "MyTestMod.csproj", "{9F0C285A-CD3D-4F34-95D0-BDB9808C643E}"
EndProject
Global
	GlobalSection(SolutionConfigurationPlatforms) = preSolution
		Debug|Any CPU = Debug|Any CPU
		Release|Any CPU = Release|Any CPU
	EndGlobalSection
	GlobalSection(ProjectConfigurationPlatforms) = postSolution
		{9F0C285A-CD3D-4F34-95D0-BDB9808C643E}.Debug|Any CPU.ActiveCfg = Debug|Any CPU
		{9F0C285A-CD3D-4F34-95D0-BDB9808C643E}.Debug|Any CPU.Build.0 = Debug|Any CPU
		{9F0C285A-CD3D-4F34-95D0-BDB9808C643E}.Release|Any CPU.ActiveCfg = Release|Any CPU
		{9F0C285A-CD3D-4F34-95D0-BDB9808C643E}.Release|Any CPU.Build.0 = Release|Any CPU
	EndGlobalSection
	GlobalSection(SolutionProperties) = preSolution
		HideSolutionNode = FALSE
	EndGlobalSection
	GlobalSection(ExtensibilityGlobals) = postSolution
		SolutionGuid = {4F1D5EAE-EBDB-41B5-8FEF-E29F5F056670}
	EndGlobalSection
EndGlobal
